
Microsoft Visual Studio Solution File, Format Version 12.00
# Visual Studio Version 16
VisualStudioVersion = 16.0.30413.136
MinimumVisualStudioVersion = 10.0.40219.1
Project("{FAE04EC0-301F-11D3-BF4B-00C04F79EFBC}") = "H264toAviAutoConv", "H264toAviAutoConv.csproj", "{3E31F622-E0D7-4AED-9C0C-88024483355C}"
EndProject
Global
	GlobalSection(SolutionConfigurationPlatforms) = preSolution
		Debug|Any CPU = Debug|Any CPU
		Release|Any CPU = Release|Any CPU
	EndGlobalSection
	GlobalSection(ProjectConfigurationPlatforms) = postSolution
		{3E31F622-E0D7-4AED-9C0C-88024483355C}.Debug|Any CPU.ActiveCfg = Debug|Any CPU
		{3E31F622-E0D7-4AED-9C0C-88024483355C}.Debug|Any CPU.Build.0 = Debug|Any CPU
		{3E31F622-E0D7-4AED-9C0C-88024483355C}.Release|Any CPU.ActiveCfg = Release|Any CPU
		{3E31F622-E0D7-4AED-9C0C-88024483355C}.Release|Any CPU.Build.0 = Release|Any CPU
	EndGlobalSection
	GlobalSection(SolutionProperties) = preSolution
		HideSolutionNode = FALSE
	EndGlobalSection
	GlobalSection(ExtensibilityGlobals) = postSolution
		SolutionGuid = {142C2871-1B83-4FDE-B66F-87C5012195C2}
	EndGlobalSection
EndGlobal
